// !$*UTF8*$!
{
	archiveVersion = 1;
	classes = {
	};
	objectVersion = 46;
	objects = {

/* Begin PBXBuildFile section */
		4864BAE51F2B6FA6000C533E /* AppDelegate.swift in Sources */ = {isa = PBXBuildFile; fileRef = 4864BAE41F2B6FA6000C533E /* AppDelegate.swift */; };
		4864BAE71F2B6FA6000C533E /* ViewController.swift in Sources */ = {isa = PBXBuildFile; fileRef = 4864BAE61F2B6FA6000C533E /* ViewController.swift */; };
		4864BAEA1F2B6FA6000C533E /* Main.storyboard in Resources */ = {isa = PBXBuildFile; fileRef = 4864BAE81F2B6FA6000C533E /* Main.storyboard */; };
		4864BAEC1F2B6FA6000C533E /* Assets.xcassets in Resources */ = {isa = PBXBuildFile; fileRef = 4864BAEB1F2B6FA6000C533E /* Assets.xcassets */; };
		4864BAEF1F2B6FA6000C533E /* LaunchScreen.storyboard in Resources */ = {isa = PBXBuildFile; fileRef = 4864BAED1F2B6FA6000C533E /* LaunchScreen.storyboard */; };
		4864BB161F2B7725000C533E /* sdk.framework in Frameworks */ = {isa = PBXBuildFile; fileRef = 4864BB151F2B7725000C533E /* sdk.framework */; };
		4864BB171F2B7725000C533E /* sdk.framework in Embed Frameworks */ = {isa = PBXBuildFile; fileRef = 4864BB151F2B7725000C533E /* sdk.framework */; settings = {ATTRIBUTES = (CodeSignOnCopy, RemoveHeadersOnCopy, ); }; };
/* End PBXBuildFile section */

/* Begin PBXCopyFilesBuildPhase section */
		4864BB141F2B76EA000C533E /* Embed Frameworks */ = {
			isa = PBXCopyFilesBuildPhase;
			buildActionMask = 2147483647;
			dstPath = "";
			dstSubfolderSpec = 10;
			files = (
				4864BB171F2B7725000C533E /* sdk.framework in Embed Frameworks */,
			);
			name = "Embed Frameworks";
			runOnlyForDeploymentPostprocessing = 0;
		};
/* End PBXCopyFilesBuildPhase section */

/* Begin PBXFileReference section */
		4864BAE11F2B6FA6000C533E /* example.app */ = {isa = PBXFileReference; explicitFileType = wrapper.application; includeInIndex = 0; path = example.app; sourceTree = BUILT_PRODUCTS_DIR; };
		4864BAE41F2B6FA6000C533E /* AppDelegate.swift */ = {isa = PBXFileReference; lastKnownFileType = sourcecode.swift; path = AppDelegate.swift; sourceTree = "<group>"; };
		4864BAE61F2B6FA6000C533E /* ViewController.swift */ = {isa = PBXFileReference; lastKnownFileType = sourcecode.swift; path = ViewController.swift; sourceTree = "<group>"; };
		4864BAE91F2B6FA6000C533E /* Base */ = {isa = PBXFileReference; lastKnownFileType = file.storyboard; name = Base; path = Base.lproj/Main.storyboard; sourceTree = "<group>"; };
		4864BAEB1F2B6FA6000C533E /* Assets.xcassets */ = {isa = PBXFileReference; lastKnownFileType = folder.assetcatalog; path = Assets.xcassets; sourceTree = "<group>"; };
		4864BAEE1F2B6FA6000C533E /* Base */ = {isa = PBXFileReference; lastKnownFileType = file.storyboard; name = Base; path = Base.lproj/LaunchScreen.storyboard; sourceTree = "<group>"; };
		4864BAF01F2B6FA6000C533E /* Info.plist */ = {isa = PBXFileReference; lastKnownFileType = text.plist.xml; path = Info.plist; sourceTree = "<group>"; };
		4864BB151F2B7725000C533E /* sdk.framework */ = {isa = PBXFileReference; explicitFileType = wrapper.framework; path = sdk.framework; sourceTree = BUILT_PRODUCTS_DIR; };
/* End PBXFileReference section */

/* Begin PBXFrameworksBuildPhase section */
		4864BADE1F2B6FA6000C533E /* Frameworks */ = {
			isa = PBXFrameworksBuildPhase;
			buildActionMask = 2147483647;
			files = (
				4864BB161F2B7725000C533E /* sdk.framework in Frameworks */,
			);
			runOnlyForDeploymentPostprocessing = 0;
		};
/* End PBXFrameworksBuildPhase section */

/* Begin PBXGroup section */
		4864BAD81F2B6FA6000C533E = {
			isa = PBXGroup;
			children = (
				4864BB151F2B7725000C533E /* sdk.framework */,
				4864BAE31F2B6FA6000C533E /* example */,
				4864BAE21F2B6FA6000C533E /* Products */,
			);
			sourceTree = "<group>";
		};
		4864BAE21F2B6FA6000C533E /* Products */ = {
			isa = PBXGroup;
			children = (
				4864BAE11F2B6FA6000C533E /* example.app */,
			);
			name = Products;
			sourceTree = "<group>";
		};
		4864BAE31F2B6FA6000C533E /* example */ = {
			isa = PBXGroup;
			children = (
				4864BAE41F2B6FA6000C533E /* AppDelegate.swift */,
				4864BAE61F2B6FA6000C533E /* ViewController.swift */,
				4864BAE81F2B6FA6000C533E /* Main.storyboard */,
				4864BAEB1F2B6FA6000C533E /* Assets.xcassets */,
				4864BAED1F2B6FA6000C533E /* LaunchScreen.storyboard */,
				4864BAF01F2B6FA6000C533E /* Info.plist */,
			);
			path = example;
			sourceTree = "<group>";
		};
/* End PBXGroup section */

/* Begin PBXNativeTarget section */
		4864BAE01F2B6FA6000C533E /* example */ = {
			isa = PBXNativeTarget;
			buildConfigurationList = 4864BAF31F2B6FA6000C533E /* Build configuration list for PBXNativeTarget "example" */;
			buildPhases = (
				4864BADD1F2B6FA6000C533E /* Sources */,
				4864BADE1F2B6FA6000C533E /* Frameworks */,
				4864BADF1F2B6FA6000C533E /* Resources */,
				4864BB141F2B76EA000C533E /* Embed Frameworks */,
			);
			buildRules = (
			);
			dependencies = (
			);
			name = example;
			productName = example;
			productReference = 4864BAE11F2B6FA6000C533E /* example.app */;
			productType = "com.apple.product-type.application";
		};
/* End PBXNativeTarget section */

/* Begin PBXProject section */
		4864BAD91F2B6FA6000C533E /* Project object */ = {
			isa = PBXProject;
			attributes = {
				LastSwiftUpdateCheck = 0830;
				LastUpgradeCheck = 0830;
				ORGANIZATIONNAME = "游艺春秋网络科技（北京）有限公司";
				TargetAttributes = {
					4864BAE01F2B6FA6000C533E = {
						CreatedOnToolsVersion = 8.3.3;
						ProvisioningStyle = Automatic;
					};
				};
			};
			buildConfigurationList = 4864BADC1F2B6FA6000C533E /* Build configuration list for PBXProject "example" */;
			compatibilityVersion = "Xcode 3.2";
			developmentRegion = English;
			hasScannedForEncodings = 0;
			knownRegions = (
				en,
				Base,
			);
			mainGroup = 4864BAD81F2B6FA6000C533E;
			productRefGroup = 4864BAE21F2B6FA6000C533E /* Products */;
			projectDirPath = "";
			projectRoot = "";
			targets = (
				4864BAE01F2B6FA6000C533E /* example */,
			);
		};
/* End PBXProject section */

/* Begin PBXResourcesBuildPhase section */
		4864BADF1F2B6FA6000C533E /* Resources */ = {
			isa = PBXResourcesBuildPhase;
			buildActionMask = 2147483647;
			files = (
				4864BAEF1F2B6FA6000C533E /* LaunchScreen.storyboard in Resources */,
				4864BAEC1F2B6FA6000C533E /* Assets.xcassets in Resources */,
				4864BAEA1F2B6FA6000C533E /* Main.storyboard in Resources */,
			);
			runOnlyForDeploymentPostprocessing = 0;
		};
/* End PBXResourcesBuildPhase section */

/* Begin PBXSourcesBuildPhase section */
		4864BADD1F2B6FA6000C533E /* Sources */ = {
			isa = PBXSourcesBuildPhase;
			buildActionMask = 2147483647;
			files = (
				4864BAE71F2B6FA6000C533E /* ViewController.swift in Sources */,
				4864BAE51F2B6FA6000C533E /* AppDelegate.swift in Sources */,
			);
			runOnlyForDeploymentPostprocessing = 0;
		};
/* End PBXSourcesBuildPhase section */

/* Begin PBXVariantGroup section */
		4864BAE81F2B6FA6000C533E /* Main.storyboard */ = {
			isa = PBXVariantGroup;
			children = (
				4864BAE91F2B6FA6000C533E /* Base */,
			);
			name = Main.storyboard;
			sourceTree = "<group>";
		};
		4864BAED1F2B6FA6000C533E /* LaunchScreen.storyboard */ = {
			isa = PBXVariantGroup;
			children = (
				4864BAEE1F2B6FA6000C533E /* Base */,
			);
			name = LaunchScreen.storyboard;
			sourceTree = "<group>";
		};
/* End PBXVariantGroup section */

/* Begin XCBuildConfiguration section */
		4864BAF11F2B6FA6000C533E /* Debug */ = {
			isa = XCBuildConfiguration;
			buildSettings = {
				ALWAYS_SEARCH_USER_PATHS = NO;
				CLANG_ANALYZER_NONNULL = YES;
				CLANG_ANALYZER_NUMBER_OBJECT_CONVERSION = YES_AGGRESSIVE;
				CLANG_CXX_LANGUAGE_STANDARD = "gnu++0x";
				CLANG_CXX_LIBRARY = "libc++";
				CLANG_ENABLE_MODULES = YES;
				CLANG_ENABLE_OBJC_ARC = YES;
				CLANG_WARN_BOOL_CONVERSION = YES;
				CLANG_WARN_CONSTANT_CONVERSION = YES;
				CLANG_WARN_DIRECT_OBJC_ISA_USAGE = YES_ERROR;
				CLANG_WARN_DOCUMENTATION_COMMENTS = YES;
				CLANG_WARN_EMPTY_BODY = YES;
				CLANG_WARN_ENUM_CONVERSION = YES;
				CLANG_WARN_INFINITE_RECURSION = YES;
				CLANG_WARN_INT_CONVERSION = YES;
				CLANG_WARN_OBJC_ROOT_CLASS = YES_ERROR;
				CLANG_WARN_SUSPICIOUS_MOVE = YES;
				CLANG_WARN_UNREACHABLE_CODE = YES;
				CLANG_WARN__DUPLICATE_METHOD_MATCH = YES;
				"CODE_SIGN_IDENTITY[sdk=iphoneos*]" = "iPhone Developer";
				COPY_PHASE_STRIP = NO;
				DEBUG_INFORMATION_FORMAT = dwarf;
				ENABLE_STRICT_OBJC_MSGSEND = YES;
				ENABLE_TESTABILITY = YES;
				GCC_C_LANGUAGE_STANDARD = gnu99;
				GCC_DYNAMIC_NO_PIC = NO;
				GCC_NO_COMMON_BLOCKS = YES;
				GCC_OPTIMIZATION_LEVEL = 0;
				GCC_PREPROCESSOR_DEFINITIONS = (
					"DEBUG=1",
					"$(inherited)",
				);
				GCC_WARN_64_TO_32_BIT_CONVERSION = YES;
				GCC_WARN_ABOUT_RETURN_TYPE = YES_ERROR;
				GCC_WARN_UNDECLARED_SELECTOR = YES;
				GCC_WARN_UNINITIALIZED_AUTOS = YES_AGGRESSIVE;
				GCC_WARN_UNUSED_FUNCTION = YES;
				GCC_WARN_UNUSED_VARIABLE = YES;
				IPHONEOS_DEPLOYMENT_TARGET = 10.3;
				MTL_ENABLE_DEBUG_INFO = YES;
				ONLY_ACTIVE_ARCH = YES;
				SDKROOT = iphoneos;
				SWIFT_ACTIVE_COMPILATION_CONDITIONS = DEBUG;
				SWIFT_OPTIMIZATION_LEVEL = "-Onone";
				TARGETED_DEVICE_FAMILY = "1,2";
			};
			name = Debug;
		};
		4864BAF21F2B6FA6000C533E /* Release */ = {
			isa = XCBuildConfiguration;
			buildSettings = {
				ALWAYS_SEARCH_USER_PATHS = NO;
				CLANG_ANALYZER_NONNULL = YES;
				CLANG_ANALYZER_NUMBER_OBJECT_CONVERSION = YES_AGGRESSIVE;
				CLANG_CXX_LANGUAGE_STANDARD = "gnu++0x";
				CLANG_CXX_LIBRARY = "libc++";
				CLANG_ENABLE_MODULES = YES;
				CLANG_ENABLE_OBJC_ARC = YES;
				CLANG_WARN_BOOL_CONVERSION = YES;
				CLANG_WARN_CONSTANT_CONVERSION = YES;
				CLANG_WARN_DIRECT_OBJC_ISA_USAGE = YES_ERROR;
				CLANG_WARN_DOCUMENTATION_COMMENTS = YES;
				CLANG_WARN_EMPTY_BODY = YES;
				CLANG_WARN_ENUM_CONVERSION = YES;
				CLANG_WARN_INFINITE_RECURSION = YES;
				CLANG_WARN_INT_CONVERSION = YES;
				CLANG_WARN_OBJC_ROOT_CLASS = YES_ERROR;
				CLANG_WARN_SUSPICIOUS_MOVE = YES;
				CLANG_WARN_UNREACHABLE_CODE = YES;
				CLANG_WARN__DUPLICATE_METHOD_MATCH = YES;
				"CODE_SIGN_IDENTITY[sdk=iphoneos*]" = "iPhone Developer";
				COPY_PHASE_STRIP = NO;
				DEBUG_INFORMATION_FORMAT = "dwarf-with-dsym";
				ENABLE_NS_ASSERTIONS = NO;
				ENABLE_STRICT_OBJC_MSGSEND = YES;
				GCC_C_LANGUAGE_STANDARD = gnu99;
				GCC_NO_COMMON_BLOCKS = YES;
				GCC_WARN_64_TO_32_BIT_CONVERSION = YES;
				GCC_WARN_ABOUT_RETURN_TYPE = YES_ERROR;
				GCC_WARN_UNDECLARED_SELECTOR = YES;
				GCC_WARN_UNINITIALIZED_AUTOS = YES_AGGRESSIVE;
				GCC_WARN_UNUSED_FUNCTION = YES;
				GCC_WARN_UNUSED_VARIABLE = YES;
				IPHONEOS_DEPLOYMENT_TARGET = 10.3;
				MTL_ENABLE_DEBUG_INFO = NO;
				SDKROOT = iphoneos;
				SWIFT_OPTIMIZATION_LEVEL = "-Owholemodule";
				TARGETED_DEVICE_FAMILY = "1,2";
				VALIDATE_PRODUCT = YES;
			};
			name = Release;
		};
		4864BAF41F2B6FA6000C533E /* Debug */ = {
			isa = XCBuildConfiguration;
			buildSettings = {
				ASSETCATALOG_COMPILER_APPICON_NAME = AppIcon;
				INFOPLIST_FILE = example/Info.plist;
				LD_RUNPATH_SEARCH_PATHS = "$(inherited) @executable_path/Frameworks";
				PRODUCT_BUNDLE_IDENTIFIER = com.iccgame.sdk.example;
				PRODUCT_NAME = "$(TARGET_NAME)";
				SWIFT_VERSION = 3.0;
			};
			name = Debug;
		};
		4864BAF51F2B6FA6000C533E /* Release */ = {
			isa = XCBuildConfiguration;
			buildSettings = {
				ASSETCATALOG_COMPILER_APPICON_NAME = AppIcon;
				INFOPLIST_FILE = example/Info.plist;
				LD_RUNPATH_SEARCH_PATHS = "$(inherited) @executable_path/Frameworks";
				PRODUCT_BUNDLE_IDENTIFIER = com.iccgame.sdk.example;
				PRODUCT_NAME = "$(TARGET_NAME)";
				SWIFT_VERSION = 3.0;
			};
			name = Release;
		};
/* End XCBuildConfiguration section */

/* Begin XCConfigurationList section */
		4864BADC1F2B6FA6000C533E /* Build configuration list for PBXProject "example" */ = {
			isa = XCConfigurationList;
			buildConfigurations = (
				4864BAF11F2B6FA6000C533E /* Debug */,
				4864BAF21F2B6FA6000C533E /* Release */,
			);
			defaultConfigurationIsVisible = 0;
			defaultConfigurationName = Release;
		};
		4864BAF31F2B6FA6000C533E /* Build configuration list for PBXNativeTarget "example" */ = {
			isa = XCConfigurationList;
			buildConfigurations = (
				4864BAF41F2B6FA6000C533E /* Debug */,
				4864BAF51F2B6FA6000C533E /* Release */,
			);
			defaultConfigurationIsVisible = 0;
			defaultConfigurationName = Release;
		};
/* End XCConfigurationList section */
	};
	rootObject = 4864BAD91F2B6FA6000C533E /* Project object */;
}
